
Microsoft Visual Studio Solution File, Format Version 12.00
# Visual Studio Version 16
VisualStudioVersion = 16.0.32802.440
MinimumVisualStudioVersion = 10.0.40219.1
Project("{FAE04EC0-301F-11D3-BF4B-00C04F79EFBC}") = "SwitchCase_Gunler", "SwitchCase_Gunler\SwitchCase_Gunler.csproj", "{5FD56B66-DD8E-4B71-929B-FBBA04D87D08}"
EndProject
Global
	GlobalSection(SolutionConfigurationPlatforms) = preSolution
		Debug|Any CPU = Debug|Any CPU
		Release|Any CPU = Release|Any CPU
	EndGlobalSection
	GlobalSection(ProjectConfigurationPlatforms) = postSolution
		{5FD56B66-DD8E-4B71-929B-FBBA04D87D08}.Debug|Any CPU.ActiveCfg = Debug|Any CPU
		{5FD56B66-DD8E-4B71-929B-FBBA04D87D08}.Debug|Any CPU.Build.0 = Debug|Any CPU
		{5FD56B66-DD8E-4B71-929B-FBBA04D87D08}.Release|Any CPU.ActiveCfg = Release|Any CPU
		{5FD56B66-DD8E-4B71-929B-FBBA04D87D08}.Release|Any CPU.Build.0 = Release|Any CPU
	EndGlobalSection
	GlobalSection(SolutionProperties) = preSolution
		HideSolutionNode = FALSE
	EndGlobalSection
	GlobalSection(ExtensibilityGlobals) = postSolution
		SolutionGuid = {BB975F9C-F927-4B44-9F57-0958570A0D76}
	EndGlobalSection
EndGlobal
